// !$*UTF8*$!
{
	archiveVersion = 1;
	classes = {
	};
	objectVersion = 52;
	objects = {

/* Begin PBXBuildFile section */
		6A1F565926CFD6A000A235DD /* Create_Address.swift in Sources */ = {isa = PBXBuildFile; fileRef = 6A1F565826CFD6A000A235DD /* Create_Address.swift */; };
		6A3F5E2426CD14A500EC685D /* NavigationStack in Frameworks */ = {isa = PBXBuildFile; productRef = 6A3F5E2326CD14A500EC685D /* NavigationStack */; };
		6A3F5E2826CD1BD800EC685D /* Cart_Screen.swift in Sources */ = {isa = PBXBuildFile; fileRef = 6A3F5E2726CD1BD800EC685D /* Cart_Screen.swift */; };
		6A4E8FB126CBF9F6005DA340 /* Welcome_Screen.swift in Sources */ = {isa = PBXBuildFile; fileRef = 6A4E8FB026CBF9F6005DA340 /* Welcome_Screen.swift */; };
		6A4E8FB526CBFA26005DA340 /* Login_Screen.swift in Sources */ = {isa = PBXBuildFile; fileRef = 6A4E8FB426CBFA26005DA340 /* Login_Screen.swift */; };
		6A4E8FB926CBFA49005DA340 /* SignUp_Screen.swift in Sources */ = {isa = PBXBuildFile; fileRef = 6A4E8FB826CBFA49005DA340 /* SignUp_Screen.swift */; };
		6A4E8FBD26CBFC6F005DA340 /* Login.swift in Sources */ = {isa = PBXBuildFile; fileRef = 6A4E8FBC26CBFC6F005DA340 /* Login.swift */; };
		6A65257326D7B06F00AF9A63 /* Profile_Screen.swift in Sources */ = {isa = PBXBuildFile; fileRef = 6A65257226D7B06F00AF9A63 /* Profile_Screen.swift */; };
		6A65257826D7BE5B00AF9A63 /* Confirmation_Screen.swift in Sources */ = {isa = PBXBuildFile; fileRef = 6A65257726D7BE5B00AF9A63 /* Confirmation_Screen.swift */; };
		6A95BFF526D50CCD002116ED /* SwiftUIView.swift in Sources */ = {isa = PBXBuildFile; fileRef = 6A95BFF426D50CCD002116ED /* SwiftUIView.swift */; };
		AC4F0CDA26CA7F2100FA1357 /* Model.swift in Sources */ = {isa = PBXBuildFile; fileRef = AC4F0CD926CA7F2100FA1357 /* Model.swift */; };
		ACDA000F26C6826C0029C26B /* SearchVC.swift in Sources */ = {isa = PBXBuildFile; fileRef = ACDA000E26C6826C0029C26B /* SearchVC.swift */; };
		ACDA001226C683660029C26B /* HomeDataVC.swift in Sources */ = {isa = PBXBuildFile; fileRef = ACDA001126C683660029C26B /* HomeDataVC.swift */; };
		ACDAFFF526C649F30029C26B /* DemoAppMeriDukanApp.swift in Sources */ = {isa = PBXBuildFile; fileRef = ACDAFFF426C649F30029C26B /* DemoAppMeriDukanApp.swift */; };
		ACDAFFF726C649F30029C26B /* ContentView.swift in Sources */ = {isa = PBXBuildFile; fileRef = ACDAFFF626C649F30029C26B /* ContentView.swift */; };
		ACDAFFF926C649F80029C26B /* Assets.xcassets in Resources */ = {isa = PBXBuildFile; fileRef = ACDAFFF826C649F80029C26B /* Assets.xcassets */; };
		ACDAFFFC26C649F80029C26B /* Preview Assets.xcassets in Resources */ = {isa = PBXBuildFile; fileRef = ACDAFFFB26C649F80029C26B /* Preview Assets.xcassets */; };
/* End PBXBuildFile section */

/* Begin PBXFileReference section */
		6A1F565826CFD6A000A235DD /* Create_Address.swift */ = {isa = PBXFileReference; lastKnownFileType = sourcecode.swift; path = Create_Address.swift; sourceTree = "<group>"; };
		6A3F5E2726CD1BD800EC685D /* Cart_Screen.swift */ = {isa = PBXFileReference; lastKnownFileType = sourcecode.swift; path = Cart_Screen.swift; sourceTree = "<group>"; };
		6A4E8FB026CBF9F6005DA340 /* Welcome_Screen.swift */ = {isa = PBXFileReference; lastKnownFileType = sourcecode.swift; path = Welcome_Screen.swift; sourceTree = "<group>"; };
		6A4E8FB426CBFA26005DA340 /* Login_Screen.swift */ = {isa = PBXFileReference; lastKnownFileType = sourcecode.swift; path = Login_Screen.swift; sourceTree = "<group>"; };
		6A4E8FB826CBFA49005DA340 /* SignUp_Screen.swift */ = {isa = PBXFileReference; lastKnownFileType = sourcecode.swift; path = SignUp_Screen.swift; sourceTree = "<group>"; };
		6A4E8FBC26CBFC6F005DA340 /* Login.swift */ = {isa = PBXFileReference; lastKnownFileType = sourcecode.swift; path = Login.swift; sourceTree = "<group>"; };
		6A65257226D7B06F00AF9A63 /* Profile_Screen.swift */ = {isa = PBXFileReference; lastKnownFileType = sourcecode.swift; path = Profile_Screen.swift; sourceTree = "<group>"; };
		6A65257726D7BE5B00AF9A63 /* Confirmation_Screen.swift */ = {isa = PBXFileReference; lastKnownFileType = sourcecode.swift; path = Confirmation_Screen.swift; sourceTree = "<group>"; };
		6A95BFF426D50CCD002116ED /* SwiftUIView.swift */ = {isa = PBXFileReference; lastKnownFileType = sourcecode.swift; path = SwiftUIView.swift; sourceTree = "<group>"; };
		AC4F0CD926CA7F2100FA1357 /* Model.swift */ = {isa = PBXFileReference; lastKnownFileType = sourcecode.swift; path = Model.swift; sourceTree = "<group>"; };
		ACDA000E26C6826C0029C26B /* SearchVC.swift */ = {isa = PBXFileReference; lastKnownFileType = sourcecode.swift; path = SearchVC.swift; sourceTree = "<group>"; };
		ACDA001126C683660029C26B /* HomeDataVC.swift */ = {isa = PBXFileReference; lastKnownFileType = sourcecode.swift; path = HomeDataVC.swift; sourceTree = "<group>"; };
		ACDAFFF126C649F30029C26B /* DemoAppMeriDukan.app */ = {isa = PBXFileReference; explicitFileType = wrapper.application; includeInIndex = 0; path = DemoAppMeriDukan.app; sourceTree = BUILT_PRODUCTS_DIR; };
		ACDAFFF426C649F30029C26B /* DemoAppMeriDukanApp.swift */ = {isa = PBXFileReference; lastKnownFileType = sourcecode.swift; path = DemoAppMeriDukanApp.swift; sourceTree = "<group>"; };
		ACDAFFF626C649F30029C26B /* ContentView.swift */ = {isa = PBXFileReference; lastKnownFileType = sourcecode.swift; path = ContentView.swift; sourceTree = "<group>"; };
		ACDAFFF826C649F80029C26B /* Assets.xcassets */ = {isa = PBXFileReference; lastKnownFileType = folder.assetcatalog; path = Assets.xcassets; sourceTree = "<group>"; };
		ACDAFFFB26C649F80029C26B /* Preview Assets.xcassets */ = {isa = PBXFileReference; lastKnownFileType = folder.assetcatalog; path = "Preview Assets.xcassets"; sourceTree = "<group>"; };
		ACDAFFFD26C649F80029C26B /* Info.plist */ = {isa = PBXFileReference; lastKnownFileType = text.plist.xml; path = Info.plist; sourceTree = "<group>"; };
/* End PBXFileReference section */

/* Begin PBXFrameworksBuildPhase section */
		ACDAFFEE26C649F30029C26B /* Frameworks */ = {
			isa = PBXFrameworksBuildPhase;
			buildActionMask = 2147483647;
			files = (
				6A3F5E2426CD14A500EC685D /* NavigationStack in Frameworks */,
			);
			runOnlyForDeploymentPostprocessing = 0;
		};
/* End PBXFrameworksBuildPhase section */

/* Begin PBXGroup section */
		6A1F565226CFB56100A235DD /* Address UI */ = {
			isa = PBXGroup;
			children = (
				6A1F565826CFD6A000A235DD /* Create_Address.swift */,
				6A95BFF426D50CCD002116ED /* SwiftUIView.swift */,
			);
			path = "Address UI";
			sourceTree = "<group>";
		};
		6A3F5E2626CD1BC100EC685D /* Cart UI */ = {
			isa = PBXGroup;
			children = (
				6A3F5E2726CD1BD800EC685D /* Cart_Screen.swift */,
			);
			path = "Cart UI";
			sourceTree = "<group>";
		};
		6A4E8FAF26CBF9D1005DA340 /* Welcome UI */ = {
			isa = PBXGroup;
			children = (
				6A4E8FB026CBF9F6005DA340 /* Welcome_Screen.swift */,
			);
			path = "Welcome UI";
			sourceTree = "<group>";
		};
		6A4E8FB326CBFA15005DA340 /* Login UI */ = {
			isa = PBXGroup;
			children = (
				6A4E8FB426CBFA26005DA340 /* Login_Screen.swift */,
				6A4E8FBC26CBFC6F005DA340 /* Login.swift */,
			);
			path = "Login UI";
			sourceTree = "<group>";
		};
		6A4E8FB726CBFA3A005DA340 /* SignUp UI */ = {
			isa = PBXGroup;
			children = (
				6A4E8FB826CBFA49005DA340 /* SignUp_Screen.swift */,
			);
			path = "SignUp UI";
			sourceTree = "<group>";
		};
		6A65257126D7B05400AF9A63 /* Profile UI */ = {
			isa = PBXGroup;
			children = (
				6A65257226D7B06F00AF9A63 /* Profile_Screen.swift */,
			);
			path = "Profile UI";
			sourceTree = "<group>";
		};
		6A65257526D7BE3B00AF9A63 /* Confirmation UI */ = {
			isa = PBXGroup;
			children = (
				6A65257726D7BE5B00AF9A63 /* Confirmation_Screen.swift */,
			);
			path = "Confirmation UI";
			sourceTree = "<group>";
		};
		ACDA000D26C682510029C26B /* HomeVC */ = {
			isa = PBXGroup;
			children = (
				ACDA000E26C6826C0029C26B /* SearchVC.swift */,
				ACDA001126C683660029C26B /* HomeDataVC.swift */,
				AC4F0CD926CA7F2100FA1357 /* Model.swift */,
			);
			path = HomeVC;
			sourceTree = "<group>";
		};
		ACDAFFE826C649F30029C26B = {
			isa = PBXGroup;
			children = (
				ACDAFFF326C649F30029C26B /* DemoAppMeriDukan */,
				ACDAFFF226C649F30029C26B /* Products */,
			);
			sourceTree = "<group>";
		};
		ACDAFFF226C649F30029C26B /* Products */ = {
			isa = PBXGroup;
			children = (
				ACDAFFF126C649F30029C26B /* DemoAppMeriDukan.app */,
			);
			name = Products;
			sourceTree = "<group>";
		};
		ACDAFFF326C649F30029C26B /* DemoAppMeriDukan */ = {
			isa = PBXGroup;
			children = (
				6A65257526D7BE3B00AF9A63 /* Confirmation UI */,
				6A65257126D7B05400AF9A63 /* Profile UI */,
				6A1F565226CFB56100A235DD /* Address UI */,
				6A3F5E2626CD1BC100EC685D /* Cart UI */,
				6A4E8FB726CBFA3A005DA340 /* SignUp UI */,
				6A4E8FB326CBFA15005DA340 /* Login UI */,
				6A4E8FAF26CBF9D1005DA340 /* Welcome UI */,
				ACDA000D26C682510029C26B /* HomeVC */,
				ACDAFFF426C649F30029C26B /* DemoAppMeriDukanApp.swift */,
				ACDAFFF626C649F30029C26B /* ContentView.swift */,
				ACDAFFF826C649F80029C26B /* Assets.xcassets */,
				ACDAFFFD26C649F80029C26B /* Info.plist */,
				ACDAFFFA26C649F80029C26B /* Preview Content */,
			);
			path = DemoAppMeriDukan;
			sourceTree = "<group>";
		};
		ACDAFFFA26C649F80029C26B /* Preview Content */ = {
			isa = PBXGroup;
			children = (
				ACDAFFFB26C649F80029C26B /* Preview Assets.xcassets */,
			);
			path = "Preview Content";
			sourceTree = "<group>";
		};
/* End PBXGroup section */

/* Begin PBXNativeTarget section */
		ACDAFFF026C649F30029C26B /* DemoAppMeriDukan */ = {
			isa = PBXNativeTarget;
			buildConfigurationList = ACDA000026C649F80029C26B /* Build configuration list for PBXNativeTarget "DemoAppMeriDukan" */;
			buildPhases = (
				ACDAFFED26C649F30029C26B /* Sources */,
				ACDAFFEE26C649F30029C26B /* Frameworks */,
				ACDAFFEF26C649F30029C26B /* Resources */,
			);
			buildRules = (
			);
			dependencies = (
			);
			name = DemoAppMeriDukan;
			packageProductDependencies = (
				6A3F5E2326CD14A500EC685D /* NavigationStack */,
			);
			productName = DemoAppMeriDukan;
			productReference = ACDAFFF126C649F30029C26B /* DemoAppMeriDukan.app */;
			productType = "com.apple.product-type.application";
		};
/* End PBXNativeTarget section */

/* Begin PBXProject section */
		ACDAFFE926C649F30029C26B /* Project object */ = {
			isa = PBXProject;
			attributes = {
				LastSwiftUpdateCheck = 1240;
				LastUpgradeCheck = 1240;
				TargetAttributes = {
					ACDAFFF026C649F30029C26B = {
						CreatedOnToolsVersion = 12.4;
					};
				};
			};
			buildConfigurationList = ACDAFFEC26C649F30029C26B /* Build configuration list for PBXProject "DemoAppMeriDukan" */;
			compatibilityVersion = "Xcode 9.3";
			developmentRegion = en;
			hasScannedForEncodings = 0;
			knownRegions = (
				en,
				Base,
			);
			mainGroup = ACDAFFE826C649F30029C26B;
			packageReferences = (
				6A3F5E2226CD14A500EC685D /* XCRemoteSwiftPackageReference "swiftui-navigation-stack" */,
			);
			productRefGroup = ACDAFFF226C649F30029C26B /* Products */;
			projectDirPath = "";
			projectRoot = "";
			targets = (
				ACDAFFF026C649F30029C26B /* DemoAppMeriDukan */,
			);
		};
/* End PBXProject section */

/* Begin PBXResourcesBuildPhase section */
		ACDAFFEF26C649F30029C26B /* Resources */ = {
			isa = PBXResourcesBuildPhase;
			buildActionMask = 2147483647;
			files = (
				ACDAFFFC26C649F80029C26B /* Preview Assets.xcassets in Resources */,
				ACDAFFF926C649F80029C26B /* Assets.xcassets in Resources */,
			);
			runOnlyForDeploymentPostprocessing = 0;
		};
/* End PBXResourcesBuildPhase section */

/* Begin PBXSourcesBuildPhase section */
		ACDAFFED26C649F30029C26B /* Sources */ = {
			isa = PBXSourcesBuildPhase;
			buildActionMask = 2147483647;
			files = (
				6A4E8FB526CBFA26005DA340 /* Login_Screen.swift in Sources */,
				AC4F0CDA26CA7F2100FA1357 /* Model.swift in Sources */,
				6A65257326D7B06F00AF9A63 /* Profile_Screen.swift in Sources */,
				6A95BFF526D50CCD002116ED /* SwiftUIView.swift in Sources */,
				ACDA000F26C6826C0029C26B /* SearchVC.swift in Sources */,
				6A4E8FB926CBFA49005DA340 /* SignUp_Screen.swift in Sources */,
				6A4E8FB126CBF9F6005DA340 /* Welcome_Screen.swift in Sources */,
				ACDA001226C683660029C26B /* HomeDataVC.swift in Sources */,
				6A4E8FBD26CBFC6F005DA340 /* Login.swift in Sources */,
				6A3F5E2826CD1BD800EC685D /* Cart_Screen.swift in Sources */,
				6A65257826D7BE5B00AF9A63 /* Confirmation_Screen.swift in Sources */,
				ACDAFFF726C649F30029C26B /* ContentView.swift in Sources */,
				6A1F565926CFD6A000A235DD /* Create_Address.swift in Sources */,
				ACDAFFF526C649F30029C26B /* DemoAppMeriDukanApp.swift in Sources */,
			);
			runOnlyForDeploymentPostprocessing = 0;
		};
/* End PBXSourcesBuildPhase section */

/* Begin XCBuildConfiguration section */
		ACDA000126C649F80029C26B /* Debug */ = {
			isa = XCBuildConfiguration;
			buildSettings = {
				ASSETCATALOG_COMPILER_APPICON_NAME = AppIcon;
				ASSETCATALOG_COMPILER_GLOBAL_ACCENT_COLOR_NAME = AccentColor;
				CODE_SIGN_STYLE = Automatic;
				DEVELOPMENT_ASSET_PATHS = "\"DemoAppMeriDukan/Preview Content\"";
				DEVELOPMENT_TEAM = V9P4LGL828;
				ENABLE_PREVIEWS = YES;
				INFOPLIST_FILE = DemoAppMeriDukan/Info.plist;
				IPHONEOS_DEPLOYMENT_TARGET = 14.0;
				LD_RUNPATH_SEARCH_PATHS = (
					"$(inherited)",
					"@executable_path/Frameworks",
				);
				PRODUCT_BUNDLE_IDENTIFIER = com.ia.DemoAppMeriDukan;
				PRODUCT_NAME = "$(TARGET_NAME)";
				SWIFT_VERSION = 5.0;
				TARGETED_DEVICE_FAMILY = "1,2";
			};
			name = Debug;
		};
		ACDA000226C649F80029C26B /* Release */ = {
			isa = XCBuildConfiguration;
			buildSettings = {
				ASSETCATALOG_COMPILER_APPICON_NAME = AppIcon;
				ASSETCATALOG_COMPILER_GLOBAL_ACCENT_COLOR_NAME = AccentColor;
				CODE_SIGN_STYLE = Automatic;
				DEVELOPMENT_ASSET_PATHS = "\"DemoAppMeriDukan/Preview Content\"";
				DEVELOPMENT_TEAM = V9P4LGL828;
				ENABLE_PREVIEWS = YES;
				INFOPLIST_FILE = DemoAppMeriDukan/Info.plist;
				IPHONEOS_DEPLOYMENT_TARGET = 14.0;
				LD_RUNPATH_SEARCH_PATHS = (
					"$(inherited)",
					"@executable_path/Frameworks",
				);
				PRODUCT_BUNDLE_IDENTIFIER = com.ia.DemoAppMeriDukan;
				PRODUCT_NAME = "$(TARGET_NAME)";
				SWIFT_VERSION = 5.0;
				TARGETED_DEVICE_FAMILY = "1,2";
			};
			name = Release;
		};
		ACDAFFFE26C649F80029C26B /* Debug */ = {
			isa = XCBuildConfiguration;
			buildSettings = {
				ALWAYS_SEARCH_USER_PATHS = NO;
				CLANG_ANALYZER_NONNULL = YES;
				CLANG_ANALYZER_NUMBER_OBJECT_CONVERSION = YES_AGGRESSIVE;
				CLANG_CXX_LANGUAGE_STANDARD = "gnu++14";
				CLANG_CXX_LIBRARY = "libc++";
				CLANG_ENABLE_MODULES = YES;
				CLANG_ENABLE_OBJC_ARC = YES;
				CLANG_ENABLE_OBJC_WEAK = YES;
				CLANG_WARN_BLOCK_CAPTURE_AUTORELEASING = YES;
				CLANG_WARN_BOOL_CONVERSION = YES;
				CLANG_WARN_COMMA = YES;
				CLANG_WARN_CONSTANT_CONVERSION = YES;
				CLANG_WARN_DEPRECATED_OBJC_IMPLEMENTATIONS = YES;
				CLANG_WARN_DIRECT_OBJC_ISA_USAGE = YES_ERROR;
				CLANG_WARN_DOCUMENTATION_COMMENTS = YES;
				CLANG_WARN_EMPTY_BODY = YES;
				CLANG_WARN_ENUM_CONVERSION = YES;
				CLANG_WARN_INFINITE_RECURSION = YES;
				CLANG_WARN_INT_CONVERSION = YES;
				CLANG_WARN_NON_LITERAL_NULL_CONVERSION = YES;
				CLANG_WARN_OBJC_IMPLICIT_RETAIN_SELF = YES;
				CLANG_WARN_OBJC_LITERAL_CONVERSION = YES;
				CLANG_WARN_OBJC_ROOT_CLASS = YES_ERROR;
				CLANG_WARN_QUOTED_INCLUDE_IN_FRAMEWORK_HEADER = YES;
				CLANG_WARN_RANGE_LOOP_ANALYSIS = YES;
				CLANG_WARN_STRICT_PROTOTYPES = YES;
				CLANG_WARN_SUSPICIOUS_MOVE = YES;
				CLANG_WARN_UNGUARDED_AVAILABILITY = YES_AGGRESSIVE;
				CLANG_WARN_UNREACHABLE_CODE = YES;
				CLANG_WARN__DUPLICATE_METHOD_MATCH = YES;
				COPY_PHASE_STRIP = NO;
				DEBUG_INFORMATION_FORMAT = dwarf;
				ENABLE_STRICT_OBJC_MSGSEND = YES;
				ENABLE_TESTABILITY = YES;
				GCC_C_LANGUAGE_STANDARD = gnu11;
				GCC_DYNAMIC_NO_PIC = NO;
				GCC_NO_COMMON_BLOCKS = YES;
				GCC_OPTIMIZATION_LEVEL = 0;
				GCC_PREPROCESSOR_DEFINITIONS = (
					"DEBUG=1",
					"$(inherited)",
				);
				GCC_WARN_64_TO_32_BIT_CONVERSION = YES;
				GCC_WARN_ABOUT_RETURN_TYPE = YES_ERROR;
				GCC_WARN_UNDECLARED_SELECTOR = YES;
				GCC_WARN_UNINITIALIZED_AUTOS = YES_AGGRESSIVE;
				GCC_WARN_UNUSED_FUNCTION = YES;
				GCC_WARN_UNUSED_VARIABLE = YES;
				IPHONEOS_DEPLOYMENT_TARGET = 14.4;
				MTL_ENABLE_DEBUG_INFO = INCLUDE_SOURCE;
				MTL_FAST_MATH = YES;
				ONLY_ACTIVE_ARCH = YES;
				SDKROOT = iphoneos;
				SWIFT_ACTIVE_COMPILATION_CONDITIONS = DEBUG;
				SWIFT_OPTIMIZATION_LEVEL = "-Onone";
			};
			name = Debug;
		};
		ACDAFFFF26C649F80029C26B /* Release */ = {
			isa = XCBuildConfiguration;
			buildSettings = {
				ALWAYS_SEARCH_USER_PATHS = NO;
				CLANG_ANALYZER_NONNULL = YES;
				CLANG_ANALYZER_NUMBER_OBJECT_CONVERSION = YES_AGGRESSIVE;
				CLANG_CXX_LANGUAGE_STANDARD = "gnu++14";
				CLANG_CXX_LIBRARY = "libc++";
				CLANG_ENABLE_MODULES = YES;
				CLANG_ENABLE_OBJC_ARC = YES;
				CLANG_ENABLE_OBJC_WEAK = YES;
				CLANG_WARN_BLOCK_CAPTURE_AUTORELEASING = YES;
				CLANG_WARN_BOOL_CONVERSION = YES;
				CLANG_WARN_COMMA = YES;
				CLANG_WARN_CONSTANT_CONVERSION = YES;
				CLANG_WARN_DEPRECATED_OBJC_IMPLEMENTATIONS = YES;
				CLANG_WARN_DIRECT_OBJC_ISA_USAGE = YES_ERROR;
				CLANG_WARN_DOCUMENTATION_COMMENTS = YES;
				CLANG_WARN_EMPTY_BODY = YES;
				CLANG_WARN_ENUM_CONVERSION = YES;
				CLANG_WARN_INFINITE_RECURSION = YES;
				CLANG_WARN_INT_CONVERSION = YES;
				CLANG_WARN_NON_LITERAL_NULL_CONVERSION = YES;
				CLANG_WARN_OBJC_IMPLICIT_RETAIN_SELF = YES;
				CLANG_WARN_OBJC_LITERAL_CONVERSION = YES;
				CLANG_WARN_OBJC_ROOT_CLASS = YES_ERROR;
				CLANG_WARN_QUOTED_INCLUDE_IN_FRAMEWORK_HEADER = YES;
				CLANG_WARN_RANGE_LOOP_ANALYSIS = YES;
				CLANG_WARN_STRICT_PROTOTYPES = YES;
				CLANG_WARN_SUSPICIOUS_MOVE = YES;
				CLANG_WARN_UNGUARDED_AVAILABILITY = YES_AGGRESSIVE;
				CLANG_WARN_UNREACHABLE_CODE = YES;
				CLANG_WARN__DUPLICATE_METHOD_MATCH = YES;
				COPY_PHASE_STRIP = NO;
				DEBUG_INFORMATION_FORMAT = "dwarf-with-dsym";
				ENABLE_NS_ASSERTIONS = NO;
				ENABLE_STRICT_OBJC_MSGSEND = YES;
				GCC_C_LANGUAGE_STANDARD = gnu11;
				GCC_NO_COMMON_BLOCKS = YES;
				GCC_WARN_64_TO_32_BIT_CONVERSION = YES;
				GCC_WARN_ABOUT_RETURN_TYPE = YES_ERROR;
				GCC_WARN_UNDECLARED_SELECTOR = YES;
				GCC_WARN_UNINITIALIZED_AUTOS = YES_AGGRESSIVE;
				GCC_WARN_UNUSED_FUNCTION = YES;
				GCC_WARN_UNUSED_VARIABLE = YES;
				IPHONEOS_DEPLOYMENT_TARGET = 14.4;
				MTL_ENABLE_DEBUG_INFO = NO;
				MTL_FAST_MATH = YES;
				SDKROOT = iphoneos;
				SWIFT_COMPILATION_MODE = wholemodule;
				SWIFT_OPTIMIZATION_LEVEL = "-O";
				VALIDATE_PRODUCT = YES;
			};
			name = Release;
		};
/* End XCBuildConfiguration section */

/* Begin XCConfigurationList section */
		ACDA000026C649F80029C26B /* Build configuration list for PBXNativeTarget "DemoAppMeriDukan" */ = {
			isa = XCConfigurationList;
			buildConfigurations = (
				ACDA000126C649F80029C26B /* Debug */,
				ACDA000226C649F80029C26B /* Release */,
			);
			defaultConfigurationIsVisible = 0;
			defaultConfigurationName = Release;
		};
		ACDAFFEC26C649F30029C26B /* Build configuration list for PBXProject "DemoAppMeriDukan" */ = {
			isa = XCConfigurationList;
			buildConfigurations = (
				ACDAFFFE26C649F80029C26B /* Debug */,
				ACDAFFFF26C649F80029C26B /* Release */,
			);
			defaultConfigurationIsVisible = 0;
			defaultConfigurationName = Release;
		};
/* End XCConfigurationList section */

/* Begin XCRemoteSwiftPackageReference section */
		6A3F5E2226CD14A500EC685D /* XCRemoteSwiftPackageReference "swiftui-navigation-stack" */ = {
			isa = XCRemoteSwiftPackageReference;
			repositoryURL = "https://github.com/matteopuc/swiftui-navigation-stack.git";
			requirement = {
				kind = upToNextMajorVersion;
				minimumVersion = 1.0.4;
			};
		};
/* End XCRemoteSwiftPackageReference section */

/* Begin XCSwiftPackageProductDependency section */
		6A3F5E2326CD14A500EC685D /* NavigationStack */ = {
			isa = XCSwiftPackageProductDependency;
			package = 6A3F5E2226CD14A500EC685D /* XCRemoteSwiftPackageReference "swiftui-navigation-stack" */;
			productName = NavigationStack;
		};
/* End XCSwiftPackageProductDependency section */
	};
	rootObject = ACDAFFE926C649F30029C26B /* Project object */;
}
