// !$*UTF8*$!
{
	archiveVersion = 1;
	classes = {
	};
	objectVersion = 50;
	objects = {

/* Begin PBXBuildFile section */
		6A4E8FA926CBE7D5005DA340 /* Login.swift in Sources */ = {isa = PBXBuildFile; fileRef = 6A4E8FA826CBE7D4005DA340 /* Login.swift */; };
		6A95175026C6534700D9E155 /* Welcome_Screen.swift in Sources */ = {isa = PBXBuildFile; fileRef = 6A95174F26C6534700D9E155 /* Welcome_Screen.swift */; };
		6A95175326C67BCD00D9E155 /* Login_Screen.swift in Sources */ = {isa = PBXBuildFile; fileRef = 6A95175226C67BCD00D9E155 /* Login_Screen.swift */; };
		6A95175626C67E8B00D9E155 /* SignUp_Screen.swift in Sources */ = {isa = PBXBuildFile; fileRef = 6A95175526C67E8B00D9E155 /* SignUp_Screen.swift */; };
		ACDAFFF526C649F30029C26B /* DemoAppMeriDukanApp.swift in Sources */ = {isa = PBXBuildFile; fileRef = ACDAFFF426C649F30029C26B /* DemoAppMeriDukanApp.swift */; };
		ACDAFFF726C649F30029C26B /* ContentView.swift in Sources */ = {isa = PBXBuildFile; fileRef = ACDAFFF626C649F30029C26B /* ContentView.swift */; };
		ACDAFFF926C649F80029C26B /* Assets.xcassets in Resources */ = {isa = PBXBuildFile; fileRef = ACDAFFF826C649F80029C26B /* Assets.xcassets */; };
		ACDAFFFC26C649F80029C26B /* Preview Assets.xcassets in Resources */ = {isa = PBXBuildFile; fileRef = ACDAFFFB26C649F80029C26B /* Preview Assets.xcassets */; };
/* End PBXBuildFile section */

/* Begin PBXFileReference section */
		6A4E8FA826CBE7D4005DA340 /* Login.swift */ = {isa = PBXFileReference; lastKnownFileType = sourcecode.swift; path = Login.swift; sourceTree = "<group>"; };
		6A95174F26C6534700D9E155 /* Welcome_Screen.swift */ = {isa = PBXFileReference; lastKnownFileType = sourcecode.swift; path = Welcome_Screen.swift; sourceTree = "<group>"; };
		6A95175226C67BCD00D9E155 /* Login_Screen.swift */ = {isa = PBXFileReference; lastKnownFileType = sourcecode.swift; path = Login_Screen.swift; sourceTree = "<group>"; };
		6A95175526C67E8B00D9E155 /* SignUp_Screen.swift */ = {isa = PBXFileReference; lastKnownFileType = sourcecode.swift; path = SignUp_Screen.swift; sourceTree = "<group>"; };
		ACDAFFF126C649F30029C26B /* DemoAppMeriDukan.app */ = {isa = PBXFileReference; explicitFileType = wrapper.application; includeInIndex = 0; path = DemoAppMeriDukan.app; sourceTree = BUILT_PRODUCTS_DIR; };
		ACDAFFF426C649F30029C26B /* DemoAppMeriDukanApp.swift */ = {isa = PBXFileReference; lastKnownFileType = sourcecode.swift; path = DemoAppMeriDukanApp.swift; sourceTree = "<group>"; };
		ACDAFFF626C649F30029C26B /* ContentView.swift */ = {isa = PBXFileReference; lastKnownFileType = sourcecode.swift; path = ContentView.swift; sourceTree = "<group>"; };
		ACDAFFF826C649F80029C26B /* Assets.xcassets */ = {isa = PBXFileReference; lastKnownFileType = folder.assetcatalog; path = Assets.xcassets; sourceTree = "<group>"; };
		ACDAFFFB26C649F80029C26B /* Preview Assets.xcassets */ = {isa = PBXFileReference; lastKnownFileType = folder.assetcatalog; path = "Preview Assets.xcassets"; sourceTree = "<group>"; };
		ACDAFFFD26C649F80029C26B /* Info.plist */ = {isa = PBXFileReference; lastKnownFileType = text.plist.xml; path = Info.plist; sourceTree = "<group>"; };
/* End PBXFileReference section */

/* Begin PBXFrameworksBuildPhase section */
		ACDAFFEE26C649F30029C26B /* Frameworks */ = {
			isa = PBXFrameworksBuildPhase;
			buildActionMask = 2147483647;
			files = (
			);
			runOnlyForDeploymentPostprocessing = 0;
		};
/* End PBXFrameworksBuildPhase section */

/* Begin PBXGroup section */
		ACDAFFE826C649F30029C26B = {
			isa = PBXGroup;
			children = (
				ACDAFFF326C649F30029C26B /* DemoAppMeriDukan */,
				ACDAFFF226C649F30029C26B /* Products */,
			);
			sourceTree = "<group>";
		};
		ACDAFFF226C649F30029C26B /* Products */ = {
			isa = PBXGroup;
			children = (
				ACDAFFF126C649F30029C26B /* DemoAppMeriDukan.app */,
			);
			name = Products;
			sourceTree = "<group>";
		};
		ACDAFFF326C649F30029C26B /* DemoAppMeriDukan */ = {
			isa = PBXGroup;
			children = (
				ACDAFFF426C649F30029C26B /* DemoAppMeriDukanApp.swift */,
				ACDAFFF626C649F30029C26B /* ContentView.swift */,
				6A95174F26C6534700D9E155 /* Welcome_Screen.swift */,
				6A95175226C67BCD00D9E155 /* Login_Screen.swift */,
				6A95175526C67E8B00D9E155 /* SignUp_Screen.swift */,
				ACDAFFF826C649F80029C26B /* Assets.xcassets */,
				ACDAFFFD26C649F80029C26B /* Info.plist */,
				ACDAFFFA26C649F80029C26B /* Preview Content */,
				6A4E8FA826CBE7D4005DA340 /* Login.swift */,
			);
			path = DemoAppMeriDukan;
			sourceTree = "<group>";
		};
		ACDAFFFA26C649F80029C26B /* Preview Content */ = {
			isa = PBXGroup;
			children = (
				ACDAFFFB26C649F80029C26B /* Preview Assets.xcassets */,
			);
			path = "Preview Content";
			sourceTree = "<group>";
		};
/* End PBXGroup section */

/* Begin PBXNativeTarget section */
		ACDAFFF026C649F30029C26B /* DemoAppMeriDukan */ = {
			isa = PBXNativeTarget;
			buildConfigurationList = ACDA000026C649F80029C26B /* Build configuration list for PBXNativeTarget "DemoAppMeriDukan" */;
			buildPhases = (
				ACDAFFED26C649F30029C26B /* Sources */,
				ACDAFFEE26C649F30029C26B /* Frameworks */,
				ACDAFFEF26C649F30029C26B /* Resources */,
			);
			buildRules = (
			);
			dependencies = (
			);
			name = DemoAppMeriDukan;
			productName = DemoAppMeriDukan;
			productReference = ACDAFFF126C649F30029C26B /* DemoAppMeriDukan.app */;
			productType = "com.apple.product-type.application";
		};
/* End PBXNativeTarget section */

/* Begin PBXProject section */
		ACDAFFE926C649F30029C26B /* Project object */ = {
			isa = PBXProject;
			attributes = {
				LastSwiftUpdateCheck = 1240;
				LastUpgradeCheck = 1240;
				TargetAttributes = {
					ACDAFFF026C649F30029C26B = {
						CreatedOnToolsVersion = 12.4;
					};
				};
			};
			buildConfigurationList = ACDAFFEC26C649F30029C26B /* Build configuration list for PBXProject "DemoAppMeriDukan" */;
			compatibilityVersion = "Xcode 9.3";
			developmentRegion = en;
			hasScannedForEncodings = 0;
			knownRegions = (
				en,
				Base,
			);
			mainGroup = ACDAFFE826C649F30029C26B;
			productRefGroup = ACDAFFF226C649F30029C26B /* Products */;
			projectDirPath = "";
			projectRoot = "";
			targets = (
				ACDAFFF026C649F30029C26B /* DemoAppMeriDukan */,
			);
		};
/* End PBXProject section */

/* Begin PBXResourcesBuildPhase section */
		ACDAFFEF26C649F30029C26B /* Resources */ = {
			isa = PBXResourcesBuildPhase;
			buildActionMask = 2147483647;
			files = (
				ACDAFFFC26C649F80029C26B /* Preview Assets.xcassets in Resources */,
				ACDAFFF926C649F80029C26B /* Assets.xcassets in Resources */,
			);
			runOnlyForDeploymentPostprocessing = 0;
		};
/* End PBXResourcesBuildPhase section */

/* Begin PBXSourcesBuildPhase section */
		ACDAFFED26C649F30029C26B /* Sources */ = {
			isa = PBXSourcesBuildPhase;
			buildActionMask = 2147483647;
			files = (
				ACDAFFF726C649F30029C26B /* ContentView.swift in Sources */,
				6A95175326C67BCD00D9E155 /* Login_Screen.swift in Sources */,
				6A95175626C67E8B00D9E155 /* SignUp_Screen.swift in Sources */,
				6A4E8FA926CBE7D5005DA340 /* Login.swift in Sources */,
				ACDAFFF526C649F30029C26B /* DemoAppMeriDukanApp.swift in Sources */,
				6A95175026C6534700D9E155 /* Welcome_Screen.swift in Sources */,
			);
			runOnlyForDeploymentPostprocessing = 0;
		};
/* End PBXSourcesBuildPhase section */

/* Begin XCBuildConfiguration section */
		ACDA000126C649F80029C26B /* Debug */ = {
			isa = XCBuildConfiguration;
			buildSettings = {
				ASSETCATALOG_COMPILER_APPICON_NAME = AppIcon;
				ASSETCATALOG_COMPILER_GLOBAL_ACCENT_COLOR_NAME = AccentColor;
				CODE_SIGN_STYLE = Automatic;
				DEVELOPMENT_ASSET_PATHS = "\"DemoAppMeriDukan/Preview Content\"";
				DEVELOPMENT_TEAM = V9P4LGL828;
				ENABLE_PREVIEWS = YES;
				INFOPLIST_FILE = DemoAppMeriDukan/Info.plist;
				IPHONEOS_DEPLOYMENT_TARGET = 14.0;
				LD_RUNPATH_SEARCH_PATHS = (
					"$(inherited)",
					"@executable_path/Frameworks",
				);
				PRODUCT_BUNDLE_IDENTIFIER = com.ia.DemoAppMeriDukan;
				PRODUCT_NAME = "$(TARGET_NAME)";
				SWIFT_VERSION = 5.0;
				TARGETED_DEVICE_FAMILY = "1,2";
			};
			name = Debug;
		};
		ACDA000226C649F80029C26B /* Release */ = {
			isa = XCBuildConfiguration;
			buildSettings = {
				ASSETCATALOG_COMPILER_APPICON_NAME = AppIcon;
				ASSETCATALOG_COMPILER_GLOBAL_ACCENT_COLOR_NAME = AccentColor;
				CODE_SIGN_STYLE = Automatic;
				DEVELOPMENT_ASSET_PATHS = "\"DemoAppMeriDukan/Preview Content\"";
				DEVELOPMENT_TEAM = V9P4LGL828;
				ENABLE_PREVIEWS = YES;
				INFOPLIST_FILE = DemoAppMeriDukan/Info.plist;
				IPHONEOS_DEPLOYMENT_TARGET = 14.0;
				LD_RUNPATH_SEARCH_PATHS = (
					"$(inherited)",
					"@executable_path/Frameworks",
				);
				PRODUCT_BUNDLE_IDENTIFIER = com.ia.DemoAppMeriDukan;
				PRODUCT_NAME = "$(TARGET_NAME)";
				SWIFT_VERSION = 5.0;
				TARGETED_DEVICE_FAMILY = "1,2";
			};
			name = Release;
		};
		ACDAFFFE26C649F80029C26B /* Debug */ = {
			isa = XCBuildConfiguration;
			buildSettings = {
				ALWAYS_SEARCH_USER_PATHS = NO;
				CLANG_ANALYZER_NONNULL = YES;
				CLANG_ANALYZER_NUMBER_OBJECT_CONVERSION = YES_AGGRESSIVE;
				CLANG_CXX_LANGUAGE_STANDARD = "gnu++14";
				CLANG_CXX_LIBRARY = "libc++";
				CLANG_ENABLE_MODULES = YES;
				CLANG_ENABLE_OBJC_ARC = YES;
				CLANG_ENABLE_OBJC_WEAK = YES;
				CLANG_WARN_BLOCK_CAPTURE_AUTORELEASING = YES;
				CLANG_WARN_BOOL_CONVERSION = YES;
				CLANG_WARN_COMMA = YES;
				CLANG_WARN_CONSTANT_CONVERSION = YES;
				CLANG_WARN_DEPRECATED_OBJC_IMPLEMENTATIONS = YES;
				CLANG_WARN_DIRECT_OBJC_ISA_USAGE = YES_ERROR;
				CLANG_WARN_DOCUMENTATION_COMMENTS = YES;
				CLANG_WARN_EMPTY_BODY = YES;
				CLANG_WARN_ENUM_CONVERSION = YES;
				CLANG_WARN_INFINITE_RECURSION = YES;
				CLANG_WARN_INT_CONVERSION = YES;
				CLANG_WARN_NON_LITERAL_NULL_CONVERSION = YES;
				CLANG_WARN_OBJC_IMPLICIT_RETAIN_SELF = YES;
				CLANG_WARN_OBJC_LITERAL_CONVERSION = YES;
				CLANG_WARN_OBJC_ROOT_CLASS = YES_ERROR;
				CLANG_WARN_QUOTED_INCLUDE_IN_FRAMEWORK_HEADER = YES;
				CLANG_WARN_RANGE_LOOP_ANALYSIS = YES;
				CLANG_WARN_STRICT_PROTOTYPES = YES;
				CLANG_WARN_SUSPICIOUS_MOVE = YES;
				CLANG_WARN_UNGUARDED_AVAILABILITY = YES_AGGRESSIVE;
				CLANG_WARN_UNREACHABLE_CODE = YES;
				CLANG_WARN__DUPLICATE_METHOD_MATCH = YES;
				COPY_PHASE_STRIP = NO;
				DEBUG_INFORMATION_FORMAT = dwarf;
				ENABLE_STRICT_OBJC_MSGSEND = YES;
				ENABLE_TESTABILITY = YES;
				GCC_C_LANGUAGE_STANDARD = gnu11;
				GCC_DYNAMIC_NO_PIC = NO;
				GCC_NO_COMMON_BLOCKS = YES;
				GCC_OPTIMIZATION_LEVEL = 0;
				GCC_PREPROCESSOR_DEFINITIONS = (
					"DEBUG=1",
					"$(inherited)",
				);
				GCC_WARN_64_TO_32_BIT_CONVERSION = YES;
				GCC_WARN_ABOUT_RETURN_TYPE = YES_ERROR;
				GCC_WARN_UNDECLARED_SELECTOR = YES;
				GCC_WARN_UNINITIALIZED_AUTOS = YES_AGGRESSIVE;
				GCC_WARN_UNUSED_FUNCTION = YES;
				GCC_WARN_UNUSED_VARIABLE = YES;
				IPHONEOS_DEPLOYMENT_TARGET = 14.4;
				MTL_ENABLE_DEBUG_INFO = INCLUDE_SOURCE;
				MTL_FAST_MATH = YES;
				ONLY_ACTIVE_ARCH = YES;
				SDKROOT = iphoneos;
				SWIFT_ACTIVE_COMPILATION_CONDITIONS = DEBUG;
				SWIFT_OPTIMIZATION_LEVEL = "-Onone";
			};
			name = Debug;
		};
		ACDAFFFF26C649F80029C26B /* Release */ = {
			isa = XCBuildConfiguration;
			buildSettings = {
				ALWAYS_SEARCH_USER_PATHS = NO;
				CLANG_ANALYZER_NONNULL = YES;
				CLANG_ANALYZER_NUMBER_OBJECT_CONVERSION = YES_AGGRESSIVE;
				CLANG_CXX_LANGUAGE_STANDARD = "gnu++14";
				CLANG_CXX_LIBRARY = "libc++";
				CLANG_ENABLE_MODULES = YES;
				CLANG_ENABLE_OBJC_ARC = YES;
				CLANG_ENABLE_OBJC_WEAK = YES;
				CLANG_WARN_BLOCK_CAPTURE_AUTORELEASING = YES;
				CLANG_WARN_BOOL_CONVERSION = YES;
				CLANG_WARN_COMMA = YES;
				CLANG_WARN_CONSTANT_CONVERSION = YES;
				CLANG_WARN_DEPRECATED_OBJC_IMPLEMENTATIONS = YES;
				CLANG_WARN_DIRECT_OBJC_ISA_USAGE = YES_ERROR;
				CLANG_WARN_DOCUMENTATION_COMMENTS = YES;
				CLANG_WARN_EMPTY_BODY = YES;
				CLANG_WARN_ENUM_CONVERSION = YES;
				CLANG_WARN_INFINITE_RECURSION = YES;
				CLANG_WARN_INT_CONVERSION = YES;
				CLANG_WARN_NON_LITERAL_NULL_CONVERSION = YES;
				CLANG_WARN_OBJC_IMPLICIT_RETAIN_SELF = YES;
				CLANG_WARN_OBJC_LITERAL_CONVERSION = YES;
				CLANG_WARN_OBJC_ROOT_CLASS = YES_ERROR;
				CLANG_WARN_QUOTED_INCLUDE_IN_FRAMEWORK_HEADER = YES;
				CLANG_WARN_RANGE_LOOP_ANALYSIS = YES;
				CLANG_WARN_STRICT_PROTOTYPES = YES;
				CLANG_WARN_SUSPICIOUS_MOVE = YES;
				CLANG_WARN_UNGUARDED_AVAILABILITY = YES_AGGRESSIVE;
				CLANG_WARN_UNREACHABLE_CODE = YES;
				CLANG_WARN__DUPLICATE_METHOD_MATCH = YES;
				COPY_PHASE_STRIP = NO;
				DEBUG_INFORMATION_FORMAT = "dwarf-with-dsym";
				ENABLE_NS_ASSERTIONS = NO;
				ENABLE_STRICT_OBJC_MSGSEND = YES;
				GCC_C_LANGUAGE_STANDARD = gnu11;
				GCC_NO_COMMON_BLOCKS = YES;
				GCC_WARN_64_TO_32_BIT_CONVERSION = YES;
				GCC_WARN_ABOUT_RETURN_TYPE = YES_ERROR;
				GCC_WARN_UNDECLARED_SELECTOR = YES;
				GCC_WARN_UNINITIALIZED_AUTOS = YES_AGGRESSIVE;
				GCC_WARN_UNUSED_FUNCTION = YES;
				GCC_WARN_UNUSED_VARIABLE = YES;
				IPHONEOS_DEPLOYMENT_TARGET = 14.4;
				MTL_ENABLE_DEBUG_INFO = NO;
				MTL_FAST_MATH = YES;
				SDKROOT = iphoneos;
				SWIFT_COMPILATION_MODE = wholemodule;
				SWIFT_OPTIMIZATION_LEVEL = "-O";
				VALIDATE_PRODUCT = YES;
			};
			name = Release;
		};
/* End XCBuildConfiguration section */

/* Begin XCConfigurationList section */
		ACDA000026C649F80029C26B /* Build configuration list for PBXNativeTarget "DemoAppMeriDukan" */ = {
			isa = XCConfigurationList;
			buildConfigurations = (
				ACDA000126C649F80029C26B /* Debug */,
				ACDA000226C649F80029C26B /* Release */,
			);
			defaultConfigurationIsVisible = 0;
			defaultConfigurationName = Release;
		};
		ACDAFFEC26C649F30029C26B /* Build configuration list for PBXProject "DemoAppMeriDukan" */ = {
			isa = XCConfigurationList;
			buildConfigurations = (
				ACDAFFFE26C649F80029C26B /* Debug */,
				ACDAFFFF26C649F80029C26B /* Release */,
			);
			defaultConfigurationIsVisible = 0;
			defaultConfigurationName = Release;
		};
/* End XCConfigurationList section */
	};
	rootObject = ACDAFFE926C649F30029C26B /* Project object */;
}
